
Microsoft Visual Studio Solution File, Format Version 12.00
# Visual Studio 15
Project("{FAE04EC0-301F-11D3-BF4B-00C04F79EFBC}") = "Scripts", "Scripts.csproj", "{2D015A72-D043-4AF8-3103-FCB51B893AFD}"
EndProject
Project("{FAE04EC0-301F-11D3-BF4B-00C04F79EFBC}") = "Tests", "Tests.csproj", "{2ED483EF-E6B0-C87C-46D1-CD2EFB2B1BD1}"
EndProject
Global
	GlobalSection(SolutionConfigurationPlatforms) = preSolution
		Debug|Any CPU = Debug|Any CPU
		Release|Any CPU = Release|Any CPU
	EndGlobalSection
	GlobalSection(ProjectConfigurationPlatforms) = postSolution
		{2D015A72-D043-4AF8-3103-FCB51B893AFD}.Debug|Any CPU.ActiveCfg = Debug|Any CPU
		{2D015A72-D043-4AF8-3103-FCB51B893AFD}.Debug|Any CPU.Build.0 = Debug|Any CPU
		{2D015A72-D043-4AF8-3103-FCB51B893AFD}.Release|Any CPU.ActiveCfg = Release|Any CPU
		{2D015A72-D043-4AF8-3103-FCB51B893AFD}.Release|Any CPU.Build.0 = Release|Any CPU
		{2ED483EF-E6B0-C87C-46D1-CD2EFB2B1BD1}.Debug|Any CPU.ActiveCfg = Debug|Any CPU
		{2ED483EF-E6B0-C87C-46D1-CD2EFB2B1BD1}.Debug|Any CPU.Build.0 = Debug|Any CPU
		{2ED483EF-E6B0-C87C-46D1-CD2EFB2B1BD1}.Release|Any CPU.ActiveCfg = Release|Any CPU
		{2ED483EF-E6B0-C87C-46D1-CD2EFB2B1BD1}.Release|Any CPU.Build.0 = Release|Any CPU
	EndGlobalSection
	GlobalSection(SolutionProperties) = preSolution
		HideSolutionNode = FALSE
	EndGlobalSection
EndGlobal
